<?xml version="1.0" encoding="UTF-8"?>
<CodeBlocks_project_file>
	<FileVersion major="1" minor="6"/>
	<Project>
		<Option title="gatewayFuzzer.bin"/>
		<Option makefile_is_custom="1"/>
		<Option compiler="gcc"/>
		<Option virtualFolders="CMake Files\;"/>
		<Build>
			<Target title="all">
				<Option working_dir="/home/gunny/proggen/ITSEC/itsec-fuzz/Ccode/CMake/build-gatewayFuzzer-Desktop-Vorgabe"/>
				<Option type="4"/>
				<MakeCommands>
					<Build command="/usr/bin/make -j4 -f &quot;/home/gunny/proggen/ITSEC/itsec-fuzz/Ccode/CMake/build-gatewayFuzzer-Desktop-Vorgabe/Makefile&quot;  VERBOSE=1 all"/>
					<CompileFile command="/usr/bin/make -j4 -f &quot;/home/gunny/proggen/ITSEC/itsec-fuzz/Ccode/CMake/build-gatewayFuzzer-Desktop-Vorgabe/Makefile&quot;  VERBOSE=1 &quot;$file&quot;"/>
					<Clean command="/usr/bin/make -j4 -f &quot;/home/gunny/proggen/ITSEC/itsec-fuzz/Ccode/CMake/build-gatewayFuzzer-Desktop-Vorgabe/Makefile&quot;  VERBOSE=1 clean"/>
					<DistClean command="/usr/bin/make -j4 -f &quot;/home/gunny/proggen/ITSEC/itsec-fuzz/Ccode/CMake/build-gatewayFuzzer-Desktop-Vorgabe/Makefile&quot;  VERBOSE=1 clean"/>
				</MakeCommands>
			</Target>
			<Target title="rebuild_cache">
				<Option working_dir="/home/gunny/proggen/ITSEC/itsec-fuzz/Ccode/CMake/build-gatewayFuzzer-Desktop-Vorgabe"/>
				<Option type="4"/>
				<MakeCommands>
					<Build command="/usr/bin/make -j4 -f &quot;/home/gunny/proggen/ITSEC/itsec-fuzz/Ccode/CMake/build-gatewayFuzzer-Desktop-Vorgabe/Makefile&quot;  VERBOSE=1 rebuild_cache"/>
					<CompileFile command="/usr/bin/make -j4 -f &quot;/home/gunny/proggen/ITSEC/itsec-fuzz/Ccode/CMake/build-gatewayFuzzer-Desktop-Vorgabe/Makefile&quot;  VERBOSE=1 &quot;$file&quot;"/>
					<Clean command="/usr/bin/make -j4 -f &quot;/home/gunny/proggen/ITSEC/itsec-fuzz/Ccode/CMake/build-gatewayFuzzer-Desktop-Vorgabe/Makefile&quot;  VERBOSE=1 clean"/>
					<DistClean command="/usr/bin/make -j4 -f &quot;/home/gunny/proggen/ITSEC/itsec-fuzz/Ccode/CMake/build-gatewayFuzzer-Desktop-Vorgabe/Makefile&quot;  VERBOSE=1 clean"/>
				</MakeCommands>
			</Target>
			<Target title="gatewayFuzzer.bin">
				<Option output="/home/gunny/proggen/ITSEC/itsec-fuzz/Ccode/CMake/gatewayFuzzer/gatewayFuzzer.bin" prefix_auto="0" extension_auto="0"/>
				<Option working_dir="/home/gunny/proggen/ITSEC/itsec-fuzz/Ccode/CMake/gatewayFuzzer"/>
				<Option object_output="./"/>
				<Option type="1"/>
				<Option compiler="gcc"/>
				<Compiler>
					<Add directory="/home/gunny/proggen/ITSEC/itsec-fuzz/Ccode/CMake/gatewayFuzzer/include"/>
					<Add directory="/usr/local/include"/>
					<Add directory="/usr/include/c++/7"/>
					<Add directory="/usr/include/x86_64-linux-gnu/c++/7"/>
					<Add directory="/usr/include/c++/7/backward"/>
					<Add directory="/usr/lib/gcc/x86_64-linux-gnu/7/include"/>
					<Add directory="/usr/lib/gcc/x86_64-linux-gnu/7/include-fixed"/>
					<Add directory="/usr/include/x86_64-linux-gnu"/>
					<Add directory="/usr/include"/>
				</Compiler>
				<MakeCommands>
					<Build command="/usr/bin/make -j4 -f &quot;/home/gunny/proggen/ITSEC/itsec-fuzz/Ccode/CMake/build-gatewayFuzzer-Desktop-Vorgabe/Makefile&quot;  VERBOSE=1 gatewayFuzzer.bin"/>
					<CompileFile command="/usr/bin/make -j4 -f &quot;/home/gunny/proggen/ITSEC/itsec-fuzz/Ccode/CMake/build-gatewayFuzzer-Desktop-Vorgabe/Makefile&quot;  VERBOSE=1 &quot;$file&quot;"/>
					<Clean command="/usr/bin/make -j4 -f &quot;/home/gunny/proggen/ITSEC/itsec-fuzz/Ccode/CMake/build-gatewayFuzzer-Desktop-Vorgabe/Makefile&quot;  VERBOSE=1 clean"/>
					<DistClean command="/usr/bin/make -j4 -f &quot;/home/gunny/proggen/ITSEC/itsec-fuzz/Ccode/CMake/build-gatewayFuzzer-Desktop-Vorgabe/Makefile&quot;  VERBOSE=1 clean"/>
				</MakeCommands>
			</Target>
			<Target title="gatewayFuzzer.bin/fast">
				<Option output="/home/gunny/proggen/ITSEC/itsec-fuzz/Ccode/CMake/gatewayFuzzer/gatewayFuzzer.bin" prefix_auto="0" extension_auto="0"/>
				<Option working_dir="/home/gunny/proggen/ITSEC/itsec-fuzz/Ccode/CMake/gatewayFuzzer"/>
				<Option object_output="./"/>
				<Option type="1"/>
				<Option compiler="gcc"/>
				<Compiler>
					<Add directory="/home/gunny/proggen/ITSEC/itsec-fuzz/Ccode/CMake/gatewayFuzzer/include"/>
					<Add directory="/usr/local/include"/>
					<Add directory="/usr/include/c++/7"/>
					<Add directory="/usr/include/x86_64-linux-gnu/c++/7"/>
					<Add directory="/usr/include/c++/7/backward"/>
					<Add directory="/usr/lib/gcc/x86_64-linux-gnu/7/include"/>
					<Add directory="/usr/lib/gcc/x86_64-linux-gnu/7/include-fixed"/>
					<Add directory="/usr/include/x86_64-linux-gnu"/>
					<Add directory="/usr/include"/>
				</Compiler>
				<MakeCommands>
					<Build command="/usr/bin/make -j4 -f &quot;/home/gunny/proggen/ITSEC/itsec-fuzz/Ccode/CMake/build-gatewayFuzzer-Desktop-Vorgabe/Makefile&quot;  VERBOSE=1 gatewayFuzzer.bin/fast"/>
					<CompileFile command="/usr/bin/make -j4 -f &quot;/home/gunny/proggen/ITSEC/itsec-fuzz/Ccode/CMake/build-gatewayFuzzer-Desktop-Vorgabe/Makefile&quot;  VERBOSE=1 &quot;$file&quot;"/>
					<Clean command="/usr/bin/make -j4 -f &quot;/home/gunny/proggen/ITSEC/itsec-fuzz/Ccode/CMake/build-gatewayFuzzer-Desktop-Vorgabe/Makefile&quot;  VERBOSE=1 clean"/>
					<DistClean command="/usr/bin/make -j4 -f &quot;/home/gunny/proggen/ITSEC/itsec-fuzz/Ccode/CMake/build-gatewayFuzzer-Desktop-Vorgabe/Makefile&quot;  VERBOSE=1 clean"/>
				</MakeCommands>
			</Target>
			<Target title="edit_cache">
				<Option working_dir="/home/gunny/proggen/ITSEC/itsec-fuzz/Ccode/CMake/build-gatewayFuzzer-Desktop-Vorgabe"/>
				<Option type="4"/>
				<MakeCommands>
					<Build command="/usr/bin/make -j4 -f &quot;/home/gunny/proggen/ITSEC/itsec-fuzz/Ccode/CMake/build-gatewayFuzzer-Desktop-Vorgabe/Makefile&quot;  VERBOSE=1 edit_cache"/>
					<CompileFile command="/usr/bin/make -j4 -f &quot;/home/gunny/proggen/ITSEC/itsec-fuzz/Ccode/CMake/build-gatewayFuzzer-Desktop-Vorgabe/Makefile&quot;  VERBOSE=1 &quot;$file&quot;"/>
					<Clean command="/usr/bin/make -j4 -f &quot;/home/gunny/proggen/ITSEC/itsec-fuzz/Ccode/CMake/build-gatewayFuzzer-Desktop-Vorgabe/Makefile&quot;  VERBOSE=1 clean"/>
					<DistClean command="/usr/bin/make -j4 -f &quot;/home/gunny/proggen/ITSEC/itsec-fuzz/Ccode/CMake/build-gatewayFuzzer-Desktop-Vorgabe/Makefile&quot;  VERBOSE=1 clean"/>
				</MakeCommands>
			</Target>
		</Build>
		<Unit filename="/home/gunny/proggen/ITSEC/itsec-fuzz/Ccode/CMake/gatewayFuzzer/src/canSocket.cpp">
			<Option target="gatewayFuzzer.bin"/>
		</Unit>
		<Unit filename="/home/gunny/proggen/ITSEC/itsec-fuzz/Ccode/CMake/gatewayFuzzer/src/canSocket.h">
			<Option target="gatewayFuzzer.bin"/>
		</Unit>
		<Unit filename="/home/gunny/proggen/ITSEC/itsec-fuzz/Ccode/CMake/gatewayFuzzer/src/filehandler.cpp">
			<Option target="gatewayFuzzer.bin"/>
		</Unit>
		<Unit filename="/home/gunny/proggen/ITSEC/itsec-fuzz/Ccode/CMake/gatewayFuzzer/src/filehandler.h">
			<Option target="gatewayFuzzer.bin"/>
		</Unit>
		<Unit filename="/home/gunny/proggen/ITSEC/itsec-fuzz/Ccode/CMake/gatewayFuzzer/src/filter.cpp">
			<Option target="gatewayFuzzer.bin"/>
		</Unit>
		<Unit filename="/home/gunny/proggen/ITSEC/itsec-fuzz/Ccode/CMake/gatewayFuzzer/src/filter.h">
			<Option target="gatewayFuzzer.bin"/>
		</Unit>
		<Unit filename="/home/gunny/proggen/ITSEC/itsec-fuzz/Ccode/CMake/gatewayFuzzer/src/main.cpp">
			<Option target="gatewayFuzzer.bin"/>
		</Unit>
		<Unit filename="/home/gunny/proggen/ITSEC/itsec-fuzz/Ccode/CMake/gatewayFuzzer/src/testcases.cpp">
			<Option target="gatewayFuzzer.bin"/>
		</Unit>
		<Unit filename="/home/gunny/proggen/ITSEC/itsec-fuzz/Ccode/CMake/gatewayFuzzer/src/testcases.h">
			<Option target="gatewayFuzzer.bin"/>
		</Unit>
		<Unit filename="/home/gunny/proggen/ITSEC/itsec-fuzz/Ccode/CMake/gatewayFuzzer/src/util.cpp">
			<Option target="gatewayFuzzer.bin"/>
		</Unit>
		<Unit filename="/home/gunny/proggen/ITSEC/itsec-fuzz/Ccode/CMake/gatewayFuzzer/src/util.h">
			<Option target="gatewayFuzzer.bin"/>
		</Unit>
		<Unit filename="/home/gunny/proggen/ITSEC/itsec-fuzz/Ccode/CMake/gatewayFuzzer/CMakeLists.txt">
			<Option virtualFolder="CMake Files\"/>
		</Unit>
	</Project>
</CodeBlocks_project_file>
